
Microsoft Visual Studio Solution File, Format Version 12.00
# Visual Studio Version 17
VisualStudioVersion = 17.13.35913.81 d17.13
MinimumVisualStudioVersion = 10.0.40219.1
Project("{FAE04EC0-301F-11D3-BF4B-00C04F79EFBC}") = "Intro to GitHub", "Intro to GitHub.csproj", "{D89F2977-4348-4F36-9382-E30092292202}"
EndProject
Global
	GlobalSection(SolutionConfigurationPlatforms) = preSolution
		Debug|Any CPU = Debug|Any CPU
		Release|Any CPU = Release|Any CPU
	EndGlobalSection
	GlobalSection(ProjectConfigurationPlatforms) = postSolution
		{D89F2977-4348-4F36-9382-E30092292202}.Debug|Any CPU.ActiveCfg = Debug|Any CPU
		{D89F2977-4348-4F36-9382-E30092292202}.Debug|Any CPU.Build.0 = Debug|Any CPU
		{D89F2977-4348-4F36-9382-E30092292202}.Release|Any CPU.ActiveCfg = Release|Any CPU
		{D89F2977-4348-4F36-9382-E30092292202}.Release|Any CPU.Build.0 = Release|Any CPU
	EndGlobalSection
	GlobalSection(SolutionProperties) = preSolution
		HideSolutionNode = FALSE
	EndGlobalSection
	GlobalSection(ExtensibilityGlobals) = postSolution
		SolutionGuid = {FAE0A398-AC4B-4541-B773-17B7A04BDE9B}
	EndGlobalSection
EndGlobal
